
Microsoft Visual Studio Solution File, Format Version 12.00
# Visual Studio 14
VisualStudioVersion = 14.0.25420.1
MinimumVisualStudioVersion = 10.0.40219.1
Project("{FAE04EC0-301F-11D3-BF4B-00C04F79EFBC}") = "Logic", "Logic\Logic.csproj", "{FC231B0A-BE2F-4957-A173-97F9CE387C70}"
EndProject
Project("{FAE04EC0-301F-11D3-BF4B-00C04F79EFBC}") = "Logic.Tests", "Logic.Tests\Logic.Tests.csproj", "{FD1AB1B6-4E1D-494B-95CC-122EFE5020A2}"
EndProject
Global
	GlobalSection(SolutionConfigurationPlatforms) = preSolution
		Debug|Any CPU = Debug|Any CPU
		Release|Any CPU = Release|Any CPU
	EndGlobalSection
	GlobalSection(ProjectConfigurationPlatforms) = postSolution
		{FC231B0A-BE2F-4957-A173-97F9CE387C70}.Debug|Any CPU.ActiveCfg = Debug|Any CPU
		{FC231B0A-BE2F-4957-A173-97F9CE387C70}.Debug|Any CPU.Build.0 = Debug|Any CPU
		{FC231B0A-BE2F-4957-A173-97F9CE387C70}.Release|Any CPU.ActiveCfg = Release|Any CPU
		{FC231B0A-BE2F-4957-A173-97F9CE387C70}.Release|Any CPU.Build.0 = Release|Any CPU
		{FD1AB1B6-4E1D-494B-95CC-122EFE5020A2}.Debug|Any CPU.ActiveCfg = Debug|Any CPU
		{FD1AB1B6-4E1D-494B-95CC-122EFE5020A2}.Debug|Any CPU.Build.0 = Debug|Any CPU
		{FD1AB1B6-4E1D-494B-95CC-122EFE5020A2}.Release|Any CPU.ActiveCfg = Release|Any CPU
		{FD1AB1B6-4E1D-494B-95CC-122EFE5020A2}.Release|Any CPU.Build.0 = Release|Any CPU
	EndGlobalSection
	GlobalSection(SolutionProperties) = preSolution
		HideSolutionNode = FALSE
	EndGlobalSection
EndGlobal
